
Microsoft Visual Studio Solution File, Format Version 12.00
# Visual Studio Version 17
VisualStudioVersion = 17.0.31903.59
MinimumVisualStudioVersion = 10.0.40219.1
Project("{FAE04EC0-301F-11D3-BF4B-00C04F79EFBC}") = "trackBarControl", "trackBarControl.csproj", "{00417AA5-E4F0-49CA-925C-A0E65658E9F5}"
EndProject
Global
	GlobalSection(SolutionConfigurationPlatforms) = preSolution
		Debug|Any CPU = Debug|Any CPU
		Release|Any CPU = Release|Any CPU
	EndGlobalSection
	GlobalSection(ProjectConfigurationPlatforms) = postSolution
		{00417AA5-E4F0-49CA-925C-A0E65658E9F5}.Debug|Any CPU.ActiveCfg = Debug|Any CPU
		{00417AA5-E4F0-49CA-925C-A0E65658E9F5}.Debug|Any CPU.Build.0 = Debug|Any CPU
		{00417AA5-E4F0-49CA-925C-A0E65658E9F5}.Release|Any CPU.ActiveCfg = Release|Any CPU
		{00417AA5-E4F0-49CA-925C-A0E65658E9F5}.Release|Any CPU.Build.0 = Release|Any CPU
	EndGlobalSection
	GlobalSection(SolutionProperties) = preSolution
		HideSolutionNode = FALSE
	EndGlobalSection
	GlobalSection(ExtensibilityGlobals) = postSolution
		SolutionGuid = {38B6FA97-2FA9-4E7B-8100-0BA4A6D01D9D}
	EndGlobalSection
EndGlobal
